<?xml version="1.0" encoding="utf-8"?>
<Project ToolsVersion="4.0" xmlns="http://schemas.microsoft.com/developer/msbuild/2003">
	<ItemGroup>
		<Filter Include="src">
			<UniqueIdentifier>{7DC80AE6-385C-BB0B-E2A5-9F2D6988EC48}</UniqueIdentifier>
		</Filter>
		<Filter Include="src\efsw">
			<UniqueIdentifier>{4EDA8055-9026-ADE3-DFFD-EAD38A6AEBDD}</UniqueIdentifier>
		</Filter>
		<Filter Include="src\efsw\platform">
			<UniqueIdentifier>{EDF560E3-A860-6A60-122D-934F073137D8}</UniqueIdentifier>
		</Filter>
		<Filter Include="src\efsw\platform\win">
			<UniqueIdentifier>{9F8623DC-0E18-6433-C83E-4CAB67FCDE85}</UniqueIdentifier>
		</Filter>
	</ItemGroup>
	<ItemGroup>
		<ClCompile Include="..\..\src\efsw\Debug.cpp">
			<Filter>src\efsw</Filter>
		</ClCompile>
		<ClCompile Include="..\..\src\efsw\DirectorySnapshot.cpp">
			<Filter>src\efsw</Filter>
		</ClCompile>
		<ClCompile Include="..\..\src\efsw\DirectorySnapshotDiff.cpp">
			<Filter>src\efsw</Filter>
		</ClCompile>
		<ClCompile Include="..\..\src\efsw\DirWatcherGeneric.cpp">
			<Filter>src\efsw</Filter>
		</ClCompile>
		<ClCompile Include="..\..\src\efsw\FileInfo.cpp">
			<Filter>src\efsw</Filter>
		</ClCompile>
		<ClCompile Include="..\..\src\efsw\FileSystem.cpp">
			<Filter>src\efsw</Filter>
		</ClCompile>
		<ClCompile Include="..\..\src\efsw\FileWatcher.cpp">
			<Filter>src\efsw</Filter>
		</ClCompile>
		<ClCompile Include="..\..\src\efsw\FileWatcherCWrapper.cpp">
			<Filter>src\efsw</Filter>
		</ClCompile>
		<ClCompile Include="..\..\src\efsw\FileWatcherGeneric.cpp">
			<Filter>src\efsw</Filter>
		</ClCompile>
		<ClCompile Include="..\..\src\efsw\FileWatcherImpl.cpp">
			<Filter>src\efsw</Filter>
		</ClCompile>
		<ClCompile Include="..\..\src\efsw\FileWatcherWin32.cpp">
			<Filter>src\efsw</Filter>
		</ClCompile>
		<ClCompile Include="..\..\src\efsw\Log.cpp">
			<Filter>src\efsw</Filter>
		</ClCompile>
		<ClCompile Include="..\..\src\efsw\Mutex.cpp">
			<Filter>src\efsw</Filter>
		</ClCompile>
		<ClCompile Include="..\..\src\efsw\String.cpp">
			<Filter>src\efsw</Filter>
		</ClCompile>
		<ClCompile Include="..\..\src\efsw\System.cpp">
			<Filter>src\efsw</Filter>
		</ClCompile>
		<ClCompile Include="..\..\src\efsw\Thread.cpp">
			<Filter>src\efsw</Filter>
		</ClCompile>
		<ClCompile Include="..\..\src\efsw\Watcher.cpp">
			<Filter>src\efsw</Filter>
		</ClCompile>
		<ClCompile Include="..\..\src\efsw\WatcherGeneric.cpp">
			<Filter>src\efsw</Filter>
		</ClCompile>
		<ClCompile Include="..\..\src\efsw\WatcherWin32.cpp">
			<Filter>src\efsw</Filter>
		</ClCompile>
		<ClCompile Include="..\..\src\efsw\platform\win\FileSystemImpl.cpp">
			<Filter>src\efsw\platform\win</Filter>
		</ClCompile>
		<ClCompile Include="..\..\src\efsw\platform\win\MutexImpl.cpp">
			<Filter>src\efsw\platform\win</Filter>
		</ClCompile>
		<ClCompile Include="..\..\src\efsw\platform\win\SystemImpl.cpp">
			<Filter>src\efsw\platform\win</Filter>
		</ClCompile>
		<ClCompile Include="..\..\src\efsw\platform\win\ThreadImpl.cpp">
			<Filter>src\efsw\platform\win</Filter>
		</ClCompile>
	</ItemGroup>
</Project>
